
Microsoft Visual Studio Solution File, Format Version 12.00
Project("{FAE04EC0-301F-11D3-BF4B-00C04F79EFBC}") = "Flowsy.Web.Streaming", "Flowsy.Web.Streaming\Flowsy.Web.Streaming.csproj", "{1E140FA0-F305-497F-BE3F-69D071DD61CC}"
EndProject
Project("{2150E333-8FDC-42A3-9474-1A3956D46DE8}") = "Global", "Global", "{2279523B-F9E8-4179-9979-BB11B473B6B8}"
	ProjectSection(SolutionItems) = preProject
		.gitignore = .gitignore
		publish.sh = publish.sh
		README.md = README.md
	EndProjectSection
EndProject
Global
	GlobalSection(SolutionConfigurationPlatforms) = preSolution
		Debug|Any CPU = Debug|Any CPU
		Release|Any CPU = Release|Any CPU
	EndGlobalSection
	GlobalSection(ProjectConfigurationPlatforms) = postSolution
		{1E140FA0-F305-497F-BE3F-69D071DD61CC}.Debug|Any CPU.ActiveCfg = Debug|Any CPU
		{1E140FA0-F305-497F-BE3F-69D071DD61CC}.Debug|Any CPU.Build.0 = Debug|Any CPU
		{1E140FA0-F305-497F-BE3F-69D071DD61CC}.Release|Any CPU.ActiveCfg = Release|Any CPU
		{1E140FA0-F305-497F-BE3F-69D071DD61CC}.Release|Any CPU.Build.0 = Release|Any CPU
	EndGlobalSection
EndGlobal
